
Microsoft Visual Studio Solution File, Format Version 12.00
# Visual Studio Version 17
VisualStudioVersion = 17.5.33627.172
MinimumVisualStudioVersion = 10.0.40219.1
Project("{FAE04EC0-301F-11D3-BF4B-00C04F79EFBC}") = "Library", "Library\Library.csproj", "{C8F81919-07D8-4CA1-8E2B-66EC656240AB}"
EndProject
Project("{FAE04EC0-301F-11D3-BF4B-00C04F79EFBC}") = "Library.DAL", "Library.DAL\Library.DAL.csproj", "{72353F39-8A81-4E0D-AE10-E30BFFEB2402}"
EndProject
Project("{FAE04EC0-301F-11D3-BF4B-00C04F79EFBC}") = "Library.Domain", "Library.Domain\Library.Domain.csproj", "{7E31F487-0BD7-4609-B2B0-F48D3EF8E7AA}"
EndProject
Global
	GlobalSection(SolutionConfigurationPlatforms) = preSolution
		Debug|Any CPU = Debug|Any CPU
		Release|Any CPU = Release|Any CPU
	EndGlobalSection
	GlobalSection(ProjectConfigurationPlatforms) = postSolution
		{C8F81919-07D8-4CA1-8E2B-66EC656240AB}.Debug|Any CPU.ActiveCfg = Debug|Any CPU
		{C8F81919-07D8-4CA1-8E2B-66EC656240AB}.Debug|Any CPU.Build.0 = Debug|Any CPU
		{C8F81919-07D8-4CA1-8E2B-66EC656240AB}.Release|Any CPU.ActiveCfg = Release|Any CPU
		{C8F81919-07D8-4CA1-8E2B-66EC656240AB}.Release|Any CPU.Build.0 = Release|Any CPU
		{72353F39-8A81-4E0D-AE10-E30BFFEB2402}.Debug|Any CPU.ActiveCfg = Debug|Any CPU
		{72353F39-8A81-4E0D-AE10-E30BFFEB2402}.Debug|Any CPU.Build.0 = Debug|Any CPU
		{72353F39-8A81-4E0D-AE10-E30BFFEB2402}.Release|Any CPU.ActiveCfg = Release|Any CPU
		{72353F39-8A81-4E0D-AE10-E30BFFEB2402}.Release|Any CPU.Build.0 = Release|Any CPU
		{7E31F487-0BD7-4609-B2B0-F48D3EF8E7AA}.Debug|Any CPU.ActiveCfg = Debug|Any CPU
		{7E31F487-0BD7-4609-B2B0-F48D3EF8E7AA}.Debug|Any CPU.Build.0 = Debug|Any CPU
		{7E31F487-0BD7-4609-B2B0-F48D3EF8E7AA}.Release|Any CPU.ActiveCfg = Release|Any CPU
		{7E31F487-0BD7-4609-B2B0-F48D3EF8E7AA}.Release|Any CPU.Build.0 = Release|Any CPU
	EndGlobalSection
	GlobalSection(SolutionProperties) = preSolution
		HideSolutionNode = FALSE
	EndGlobalSection
	GlobalSection(ExtensibilityGlobals) = postSolution
		SolutionGuid = {9F1F2BE2-8ED6-46E0-8768-BDBCAB010BA0}
	EndGlobalSection
EndGlobal
